
Microsoft Visual Studio Solution File, Format Version 12.00
# Visual Studio Version 17
VisualStudioVersion = 17.4.33213.308
MinimumVisualStudioVersion = 10.0.40219.1
Project("{FAE04EC0-301F-11D3-BF4B-00C04F79EFBC}") = "Tugas Authentication", "Tugas Authentication\Tugas Authentication.csproj", "{B748378A-C543-49DC-B51F-B0CA7E71F506}"
EndProject
Global
	GlobalSection(SolutionConfigurationPlatforms) = preSolution
		Debug|Any CPU = Debug|Any CPU
		Release|Any CPU = Release|Any CPU
	EndGlobalSection
	GlobalSection(ProjectConfigurationPlatforms) = postSolution
		{B748378A-C543-49DC-B51F-B0CA7E71F506}.Debug|Any CPU.ActiveCfg = Debug|Any CPU
		{B748378A-C543-49DC-B51F-B0CA7E71F506}.Debug|Any CPU.Build.0 = Debug|Any CPU
		{B748378A-C543-49DC-B51F-B0CA7E71F506}.Release|Any CPU.ActiveCfg = Release|Any CPU
		{B748378A-C543-49DC-B51F-B0CA7E71F506}.Release|Any CPU.Build.0 = Release|Any CPU
	EndGlobalSection
	GlobalSection(SolutionProperties) = preSolution
		HideSolutionNode = FALSE
	EndGlobalSection
	GlobalSection(ExtensibilityGlobals) = postSolution
		SolutionGuid = {2D108C4A-82AA-4710-A404-8C408AD604B3}
	EndGlobalSection
EndGlobal
